// !$*UTF8*$!
{
	archiveVersion = 1;
	classes = {
	};
	objectVersion = 50;
	objects = {

/* Begin PBXBuildFile section */
		AE18883D2096640600CE0A58 /* AppDelegate.swift in Sources */ = {isa = PBXBuildFile; fileRef = AE18883C2096640600CE0A58 /* AppDelegate.swift */; };
		AE18883F2096640600CE0A58 /* ViewController.swift in Sources */ = {isa = PBXBuildFile; fileRef = AE18883E2096640600CE0A58 /* ViewController.swift */; };
		AE1888422096640600CE0A58 /* Main.storyboard in Resources */ = {isa = PBXBuildFile; fileRef = AE1888402096640600CE0A58 /* Main.storyboard */; };
		AE1888442096640A00CE0A58 /* Assets.xcassets in Resources */ = {isa = PBXBuildFile; fileRef = AE1888432096640A00CE0A58 /* Assets.xcassets */; };
		AE1888472096640A00CE0A58 /* LaunchScreen.storyboard in Resources */ = {isa = PBXBuildFile; fileRef = AE1888452096640A00CE0A58 /* LaunchScreen.storyboard */; };
		AE30F391209900FA00FC0ACB /* RxCocoa.framework in Frameworks */ = {isa = PBXBuildFile; fileRef = AE18884F2096741B00CE0A58 /* RxCocoa.framework */; };
		AE30F392209900FA00FC0ACB /* RxSwift.framework in Frameworks */ = {isa = PBXBuildFile; fileRef = AE1888502096741B00CE0A58 /* RxSwift.framework */; };
		AE30F3AC20990DE500FC0ACB /* kammakUI.h in Headers */ = {isa = PBXBuildFile; fileRef = AE30F3AA20990DE500FC0ACB /* kammakUI.h */; settings = {ATTRIBUTES = (Public, ); }; };
		AE30F3AF20990DE500FC0ACB /* kammakUI.framework in Frameworks */ = {isa = PBXBuildFile; fileRef = AE30F3A820990DE500FC0ACB /* kammakUI.framework */; };
		AE30F3B020990DE500FC0ACB /* kammakUI.framework in Embed Frameworks */ = {isa = PBXBuildFile; fileRef = AE30F3A820990DE500FC0ACB /* kammakUI.framework */; settings = {ATTRIBUTES = (CodeSignOnCopy, RemoveHeadersOnCopy, ); }; };
		AE30F3C4209917AD00FC0ACB /* TestViewViewController.swift in Sources */ = {isa = PBXBuildFile; fileRef = AE30F3C3209917AD00FC0ACB /* TestViewViewController.swift */; };
/* End PBXBuildFile section */

/* Begin PBXContainerItemProxy section */
		AE30F3AD20990DE500FC0ACB /* PBXContainerItemProxy */ = {
			isa = PBXContainerItemProxy;
			containerPortal = AE1888312096640600CE0A58 /* Project object */;
			proxyType = 1;
			remoteGlobalIDString = AE30F3A720990DE500FC0ACB;
			remoteInfo = kammakUI;
		};
/* End PBXContainerItemProxy section */

/* Begin PBXCopyFilesBuildPhase section */
		AE30F3B420990DE500FC0ACB /* Embed Frameworks */ = {
			isa = PBXCopyFilesBuildPhase;
			buildActionMask = 2147483647;
			dstPath = "";
			dstSubfolderSpec = 10;
			files = (
				AE30F3B020990DE500FC0ACB /* kammakUI.framework in Embed Frameworks */,
			);
			name = "Embed Frameworks";
			runOnlyForDeploymentPostprocessing = 0;
		};
/* End PBXCopyFilesBuildPhase section */

/* Begin PBXFileReference section */
		AE1888392096640600CE0A58 /* kammak.app */ = {isa = PBXFileReference; explicitFileType = wrapper.application; includeInIndex = 0; path = kammak.app; sourceTree = BUILT_PRODUCTS_DIR; };
		AE18883C2096640600CE0A58 /* AppDelegate.swift */ = {isa = PBXFileReference; lastKnownFileType = sourcecode.swift; path = AppDelegate.swift; sourceTree = "<group>"; };
		AE18883E2096640600CE0A58 /* ViewController.swift */ = {isa = PBXFileReference; lastKnownFileType = sourcecode.swift; path = ViewController.swift; sourceTree = "<group>"; };
		AE1888412096640600CE0A58 /* Base */ = {isa = PBXFileReference; lastKnownFileType = file.storyboard; name = Base; path = Base.lproj/Main.storyboard; sourceTree = "<group>"; };
		AE1888432096640A00CE0A58 /* Assets.xcassets */ = {isa = PBXFileReference; lastKnownFileType = folder.assetcatalog; path = Assets.xcassets; sourceTree = "<group>"; };
		AE1888462096640A00CE0A58 /* Base */ = {isa = PBXFileReference; lastKnownFileType = file.storyboard; name = Base; path = Base.lproj/LaunchScreen.storyboard; sourceTree = "<group>"; };
		AE1888482096640A00CE0A58 /* Info.plist */ = {isa = PBXFileReference; lastKnownFileType = text.plist.xml; path = Info.plist; sourceTree = "<group>"; };
		AE18884F2096741B00CE0A58 /* RxCocoa.framework */ = {isa = PBXFileReference; lastKnownFileType = wrapper.framework; name = RxCocoa.framework; path = Carthage/Build/iOS/RxCocoa.framework; sourceTree = "<group>"; };
		AE1888502096741B00CE0A58 /* RxSwift.framework */ = {isa = PBXFileReference; lastKnownFileType = wrapper.framework; name = RxSwift.framework; path = Carthage/Build/iOS/RxSwift.framework; sourceTree = "<group>"; };
		AE1888512096741B00CE0A58 /* RxTest.framework */ = {isa = PBXFileReference; lastKnownFileType = wrapper.framework; name = RxTest.framework; path = Carthage/Build/iOS/RxTest.framework; sourceTree = "<group>"; };
		AE30F3A820990DE500FC0ACB /* kammakUI.framework */ = {isa = PBXFileReference; explicitFileType = wrapper.framework; includeInIndex = 0; path = kammakUI.framework; sourceTree = BUILT_PRODUCTS_DIR; };
		AE30F3AA20990DE500FC0ACB /* kammakUI.h */ = {isa = PBXFileReference; lastKnownFileType = sourcecode.c.h; path = kammakUI.h; sourceTree = "<group>"; };
		AE30F3AB20990DE500FC0ACB /* Info.plist */ = {isa = PBXFileReference; lastKnownFileType = text.plist.xml; path = Info.plist; sourceTree = "<group>"; };
		AE30F3C3209917AD00FC0ACB /* TestViewViewController.swift */ = {isa = PBXFileReference; lastKnownFileType = sourcecode.swift; path = TestViewViewController.swift; sourceTree = "<group>"; };
/* End PBXFileReference section */

/* Begin PBXFrameworksBuildPhase section */
		AE1888362096640600CE0A58 /* Frameworks */ = {
			isa = PBXFrameworksBuildPhase;
			buildActionMask = 2147483647;
			files = (
				AE30F391209900FA00FC0ACB /* RxCocoa.framework in Frameworks */,
				AE30F392209900FA00FC0ACB /* RxSwift.framework in Frameworks */,
				AE30F3AF20990DE500FC0ACB /* kammakUI.framework in Frameworks */,
			);
			runOnlyForDeploymentPostprocessing = 0;
		};
		AE30F3A420990DE500FC0ACB /* Frameworks */ = {
			isa = PBXFrameworksBuildPhase;
			buildActionMask = 2147483647;
			files = (
			);
			runOnlyForDeploymentPostprocessing = 0;
		};
/* End PBXFrameworksBuildPhase section */

/* Begin PBXGroup section */
		AE1888302096640600CE0A58 = {
			isa = PBXGroup;
			children = (
				AE18883B2096640600CE0A58 /* kammak */,
				AE30F3A920990DE500FC0ACB /* kammakUI */,
				AE18883A2096640600CE0A58 /* Products */,
				AE18884E2096741A00CE0A58 /* Frameworks */,
			);
			sourceTree = "<group>";
		};
		AE18883A2096640600CE0A58 /* Products */ = {
			isa = PBXGroup;
			children = (
				AE1888392096640600CE0A58 /* kammak.app */,
				AE30F3A820990DE500FC0ACB /* kammakUI.framework */,
			);
			name = Products;
			sourceTree = "<group>";
		};
		AE18883B2096640600CE0A58 /* kammak */ = {
			isa = PBXGroup;
			children = (
				AE18883C2096640600CE0A58 /* AppDelegate.swift */,
				AE18883E2096640600CE0A58 /* ViewController.swift */,
				AE1888402096640600CE0A58 /* Main.storyboard */,
				AE1888432096640A00CE0A58 /* Assets.xcassets */,
				AE1888452096640A00CE0A58 /* LaunchScreen.storyboard */,
				AE1888482096640A00CE0A58 /* Info.plist */,
			);
			path = kammak;
			sourceTree = "<group>";
		};
		AE18884E2096741A00CE0A58 /* Frameworks */ = {
			isa = PBXGroup;
			children = (
				AE18884F2096741B00CE0A58 /* RxCocoa.framework */,
				AE1888502096741B00CE0A58 /* RxSwift.framework */,
				AE1888512096741B00CE0A58 /* RxTest.framework */,
			);
			name = Frameworks;
			sourceTree = "<group>";
		};
		AE30F3A920990DE500FC0ACB /* kammakUI */ = {
			isa = PBXGroup;
			children = (
				AE30F3AA20990DE500FC0ACB /* kammakUI.h */,
				AE30F3AB20990DE500FC0ACB /* Info.plist */,
				AE30F3C3209917AD00FC0ACB /* TestViewViewController.swift */,
			);
			path = kammakUI;
			sourceTree = "<group>";
		};
/* End PBXGroup section */

/* Begin PBXHeadersBuildPhase section */
		AE30F3A520990DE500FC0ACB /* Headers */ = {
			isa = PBXHeadersBuildPhase;
			buildActionMask = 2147483647;
			files = (
				AE30F3AC20990DE500FC0ACB /* kammakUI.h in Headers */,
			);
			runOnlyForDeploymentPostprocessing = 0;
		};
/* End PBXHeadersBuildPhase section */

/* Begin PBXNativeTarget section */
		AE1888382096640600CE0A58 /* kammak */ = {
			isa = PBXNativeTarget;
			buildConfigurationList = AE18884B2096640A00CE0A58 /* Build configuration list for PBXNativeTarget "kammak" */;
			buildPhases = (
				AE1888352096640600CE0A58 /* Sources */,
				AE1888362096640600CE0A58 /* Frameworks */,
				AE1888372096640600CE0A58 /* Resources */,
				AE1888552096743200CE0A58 /* Copy Frameworks */,
				AE30F3B420990DE500FC0ACB /* Embed Frameworks */,
			);
			buildRules = (
			);
			dependencies = (
				AE30F3AE20990DE500FC0ACB /* PBXTargetDependency */,
			);
			name = kammak;
			productName = kammak;
			productReference = AE1888392096640600CE0A58 /* kammak.app */;
			productType = "com.apple.product-type.application";
		};
		AE30F3A720990DE500FC0ACB /* kammakUI */ = {
			isa = PBXNativeTarget;
			buildConfigurationList = AE30F3B120990DE500FC0ACB /* Build configuration list for PBXNativeTarget "kammakUI" */;
			buildPhases = (
				AE30F3A320990DE500FC0ACB /* Sources */,
				AE30F3A420990DE500FC0ACB /* Frameworks */,
				AE30F3A520990DE500FC0ACB /* Headers */,
				AE30F3A620990DE500FC0ACB /* Resources */,
			);
			buildRules = (
			);
			dependencies = (
			);
			name = kammakUI;
			productName = kammakUI;
			productReference = AE30F3A820990DE500FC0ACB /* kammakUI.framework */;
			productType = "com.apple.product-type.framework";
		};
/* End PBXNativeTarget section */

/* Begin PBXProject section */
		AE1888312096640600CE0A58 /* Project object */ = {
			isa = PBXProject;
			attributes = {
				LastSwiftUpdateCheck = 0930;
				LastUpgradeCheck = 0930;
				ORGANIZATIONNAME = DamianKolasinski;
				TargetAttributes = {
					AE1888382096640600CE0A58 = {
						CreatedOnToolsVersion = 9.3;
					};
					AE30F3A720990DE500FC0ACB = {
						CreatedOnToolsVersion = 9.3;
						LastSwiftMigration = 0930;
					};
				};
			};
			buildConfigurationList = AE1888342096640600CE0A58 /* Build configuration list for PBXProject "kammak" */;
			compatibilityVersion = "Xcode 9.3";
			developmentRegion = en;
			hasScannedForEncodings = 0;
			knownRegions = (
				en,
				Base,
			);
			mainGroup = AE1888302096640600CE0A58;
			productRefGroup = AE18883A2096640600CE0A58 /* Products */;
			projectDirPath = "";
			projectRoot = "";
			targets = (
				AE1888382096640600CE0A58 /* kammak */,
				AE30F3A720990DE500FC0ACB /* kammakUI */,
			);
		};
/* End PBXProject section */

/* Begin PBXResourcesBuildPhase section */
		AE1888372096640600CE0A58 /* Resources */ = {
			isa = PBXResourcesBuildPhase;
			buildActionMask = 2147483647;
			files = (
				AE1888472096640A00CE0A58 /* LaunchScreen.storyboard in Resources */,
				AE1888442096640A00CE0A58 /* Assets.xcassets in Resources */,
				AE1888422096640600CE0A58 /* Main.storyboard in Resources */,
			);
			runOnlyForDeploymentPostprocessing = 0;
		};
		AE30F3A620990DE500FC0ACB /* Resources */ = {
			isa = PBXResourcesBuildPhase;
			buildActionMask = 2147483647;
			files = (
			);
			runOnlyForDeploymentPostprocessing = 0;
		};
/* End PBXResourcesBuildPhase section */

/* Begin PBXShellScriptBuildPhase section */
		AE1888552096743200CE0A58 /* Copy Frameworks */ = {
			isa = PBXShellScriptBuildPhase;
			buildActionMask = 2147483647;
			files = (
			);
			inputPaths = (
				"$(SRCROOT)/Carthage/Build/iOS/RxSwift.framework",
				"$(SRCROOT)/Carthage/Build/iOS/RxCocoa.framework",
				"$(SRCROOT)/Carthage/Build/iOS/RxTest.framework",
			);
			name = "Copy Frameworks";
			outputPaths = (
			);
			runOnlyForDeploymentPostprocessing = 0;
			shellPath = /bin/sh;
			shellScript = "/usr/local/bin/carthage copy-frameworks\n";
		};
/* End PBXShellScriptBuildPhase section */

/* Begin PBXSourcesBuildPhase section */
		AE1888352096640600CE0A58 /* Sources */ = {
			isa = PBXSourcesBuildPhase;
			buildActionMask = 2147483647;
			files = (
				AE18883F2096640600CE0A58 /* ViewController.swift in Sources */,
				AE18883D2096640600CE0A58 /* AppDelegate.swift in Sources */,
			);
			runOnlyForDeploymentPostprocessing = 0;
		};
		AE30F3A320990DE500FC0ACB /* Sources */ = {
			isa = PBXSourcesBuildPhase;
			buildActionMask = 2147483647;
			files = (
				AE30F3C4209917AD00FC0ACB /* TestViewViewController.swift in Sources */,
			);
			runOnlyForDeploymentPostprocessing = 0;
		};
/* End PBXSourcesBuildPhase section */

/* Begin PBXTargetDependency section */
		AE30F3AE20990DE500FC0ACB /* PBXTargetDependency */ = {
			isa = PBXTargetDependency;
			target = AE30F3A720990DE500FC0ACB /* kammakUI */;
			targetProxy = AE30F3AD20990DE500FC0ACB /* PBXContainerItemProxy */;
		};
/* End PBXTargetDependency section */

/* Begin PBXVariantGroup section */
		AE1888402096640600CE0A58 /* Main.storyboard */ = {
			isa = PBXVariantGroup;
			children = (
				AE1888412096640600CE0A58 /* Base */,
			);
			name = Main.storyboard;
			sourceTree = "<group>";
		};
		AE1888452096640A00CE0A58 /* LaunchScreen.storyboard */ = {
			isa = PBXVariantGroup;
			children = (
				AE1888462096640A00CE0A58 /* Base */,
			);
			name = LaunchScreen.storyboard;
			sourceTree = "<group>";
		};
/* End PBXVariantGroup section */

/* Begin XCBuildConfiguration section */
		AE1888492096640A00CE0A58 /* Debug */ = {
			isa = XCBuildConfiguration;
			buildSettings = {
				ALWAYS_SEARCH_USER_PATHS = NO;
				CLANG_ANALYZER_NONNULL = YES;
				CLANG_ANALYZER_NUMBER_OBJECT_CONVERSION = YES_AGGRESSIVE;
				CLANG_CXX_LANGUAGE_STANDARD = "gnu++14";
				CLANG_CXX_LIBRARY = "libc++";
				CLANG_ENABLE_MODULES = YES;
				CLANG_ENABLE_OBJC_ARC = YES;
				CLANG_ENABLE_OBJC_WEAK = YES;
				CLANG_WARN_BLOCK_CAPTURE_AUTORELEASING = YES;
				CLANG_WARN_BOOL_CONVERSION = YES;
				CLANG_WARN_COMMA = YES;
				CLANG_WARN_CONSTANT_CONVERSION = YES;
				CLANG_WARN_DEPRECATED_OBJC_IMPLEMENTATIONS = YES;
				CLANG_WARN_DIRECT_OBJC_ISA_USAGE = YES_ERROR;
				CLANG_WARN_DOCUMENTATION_COMMENTS = YES;
				CLANG_WARN_EMPTY_BODY = YES;
				CLANG_WARN_ENUM_CONVERSION = YES;
				CLANG_WARN_INFINITE_RECURSION = YES;
				CLANG_WARN_INT_CONVERSION = YES;
				CLANG_WARN_NON_LITERAL_NULL_CONVERSION = YES;
				CLANG_WARN_OBJC_IMPLICIT_RETAIN_SELF = YES;
				CLANG_WARN_OBJC_LITERAL_CONVERSION = YES;
				CLANG_WARN_OBJC_ROOT_CLASS = YES_ERROR;
				CLANG_WARN_RANGE_LOOP_ANALYSIS = YES;
				CLANG_WARN_STRICT_PROTOTYPES = YES;
				CLANG_WARN_SUSPICIOUS_MOVE = YES;
				CLANG_WARN_UNGUARDED_AVAILABILITY = YES_AGGRESSIVE;
				CLANG_WARN_UNREACHABLE_CODE = YES;
				CLANG_WARN__DUPLICATE_METHOD_MATCH = YES;
				CODE_SIGN_IDENTITY = "iPhone Developer";
				COPY_PHASE_STRIP = NO;
				DEBUG_INFORMATION_FORMAT = dwarf;
				ENABLE_STRICT_OBJC_MSGSEND = YES;
				ENABLE_TESTABILITY = YES;
				GCC_C_LANGUAGE_STANDARD = gnu11;
				GCC_DYNAMIC_NO_PIC = NO;
				GCC_NO_COMMON_BLOCKS = YES;
				GCC_OPTIMIZATION_LEVEL = 0;
				GCC_PREPROCESSOR_DEFINITIONS = (
					"DEBUG=1",
					"$(inherited)",
				);
				GCC_WARN_64_TO_32_BIT_CONVERSION = YES;
				GCC_WARN_ABOUT_RETURN_TYPE = YES_ERROR;
				GCC_WARN_UNDECLARED_SELECTOR = YES;
				GCC_WARN_UNINITIALIZED_AUTOS = YES_AGGRESSIVE;
				GCC_WARN_UNUSED_FUNCTION = YES;
				GCC_WARN_UNUSED_VARIABLE = YES;
				IPHONEOS_DEPLOYMENT_TARGET = 11.3;
				MTL_ENABLE_DEBUG_INFO = YES;
				ONLY_ACTIVE_ARCH = YES;
				SDKROOT = iphoneos;
				SWIFT_ACTIVE_COMPILATION_CONDITIONS = DEBUG;
				SWIFT_OPTIMIZATION_LEVEL = "-Onone";
			};
			name = Debug;
		};
		AE18884A2096640A00CE0A58 /* Release */ = {
			isa = XCBuildConfiguration;
			buildSettings = {
				ALWAYS_SEARCH_USER_PATHS = NO;
				CLANG_ANALYZER_NONNULL = YES;
				CLANG_ANALYZER_NUMBER_OBJECT_CONVERSION = YES_AGGRESSIVE;
				CLANG_CXX_LANGUAGE_STANDARD = "gnu++14";
				CLANG_CXX_LIBRARY = "libc++";
				CLANG_ENABLE_MODULES = YES;
				CLANG_ENABLE_OBJC_ARC = YES;
				CLANG_ENABLE_OBJC_WEAK = YES;
				CLANG_WARN_BLOCK_CAPTURE_AUTORELEASING = YES;
				CLANG_WARN_BOOL_CONVERSION = YES;
				CLANG_WARN_COMMA = YES;
				CLANG_WARN_CONSTANT_CONVERSION = YES;
				CLANG_WARN_DEPRECATED_OBJC_IMPLEMENTATIONS = YES;
				CLANG_WARN_DIRECT_OBJC_ISA_USAGE = YES_ERROR;
				CLANG_WARN_DOCUMENTATION_COMMENTS = YES;
				CLANG_WARN_EMPTY_BODY = YES;
				CLANG_WARN_ENUM_CONVERSION = YES;
				CLANG_WARN_INFINITE_RECURSION = YES;
				CLANG_WARN_INT_CONVERSION = YES;
				CLANG_WARN_NON_LITERAL_NULL_CONVERSION = YES;
				CLANG_WARN_OBJC_IMPLICIT_RETAIN_SELF = YES;
				CLANG_WARN_OBJC_LITERAL_CONVERSION = YES;
				CLANG_WARN_OBJC_ROOT_CLASS = YES_ERROR;
				CLANG_WARN_RANGE_LOOP_ANALYSIS = YES;
				CLANG_WARN_STRICT_PROTOTYPES = YES;
				CLANG_WARN_SUSPICIOUS_MOVE = YES;
				CLANG_WARN_UNGUARDED_AVAILABILITY = YES_AGGRESSIVE;
				CLANG_WARN_UNREACHABLE_CODE = YES;
				CLANG_WARN__DUPLICATE_METHOD_MATCH = YES;
				CODE_SIGN_IDENTITY = "iPhone Developer";
				COPY_PHASE_STRIP = NO;
				DEBUG_INFORMATION_FORMAT = "dwarf-with-dsym";
				ENABLE_NS_ASSERTIONS = NO;
				ENABLE_STRICT_OBJC_MSGSEND = YES;
				GCC_C_LANGUAGE_STANDARD = gnu11;
				GCC_NO_COMMON_BLOCKS = YES;
				GCC_WARN_64_TO_32_BIT_CONVERSION = YES;
				GCC_WARN_ABOUT_RETURN_TYPE = YES_ERROR;
				GCC_WARN_UNDECLARED_SELECTOR = YES;
				GCC_WARN_UNINITIALIZED_AUTOS = YES_AGGRESSIVE;
				GCC_WARN_UNUSED_FUNCTION = YES;
				GCC_WARN_UNUSED_VARIABLE = YES;
				IPHONEOS_DEPLOYMENT_TARGET = 11.3;
				MTL_ENABLE_DEBUG_INFO = NO;
				SDKROOT = iphoneos;
				SWIFT_COMPILATION_MODE = wholemodule;
				SWIFT_OPTIMIZATION_LEVEL = "-O";
				VALIDATE_PRODUCT = YES;
			};
			name = Release;
		};
		AE18884C2096640A00CE0A58 /* Debug */ = {
			isa = XCBuildConfiguration;
			buildSettings = {
				ALWAYS_EMBED_SWIFT_STANDARD_LIBRARIES = YES;
				ASSETCATALOG_COMPILER_APPICON_NAME = AppIcon;
				CODE_SIGN_STYLE = Automatic;
				DEVELOPMENT_TEAM = GX6ZJG76MC;
				FRAMEWORK_SEARCH_PATHS = (
					"$(inherited)",
					"$(PROJECT_DIR)/Carthage/Build/iOS",
				);
				INFOPLIST_FILE = kammak/Info.plist;
				IPHONEOS_DEPLOYMENT_TARGET = 10.3;
				LD_RUNPATH_SEARCH_PATHS = (
					"$(inherited)",
					"@executable_path/Frameworks",
				);
				PRODUCT_BUNDLE_IDENTIFIER = com.damiankolasinski.kammak;
				PRODUCT_NAME = "$(TARGET_NAME)";
				SWIFT_VERSION = 4.0;
				TARGETED_DEVICE_FAMILY = "1,2";
			};
			name = Debug;
		};
		AE18884D2096640A00CE0A58 /* Release */ = {
			isa = XCBuildConfiguration;
			buildSettings = {
				ALWAYS_EMBED_SWIFT_STANDARD_LIBRARIES = YES;
				ASSETCATALOG_COMPILER_APPICON_NAME = AppIcon;
				CODE_SIGN_STYLE = Automatic;
				DEVELOPMENT_TEAM = GX6ZJG76MC;
				FRAMEWORK_SEARCH_PATHS = (
					"$(inherited)",
					"$(PROJECT_DIR)/Carthage/Build/iOS",
				);
				INFOPLIST_FILE = kammak/Info.plist;
				IPHONEOS_DEPLOYMENT_TARGET = 10.3;
				LD_RUNPATH_SEARCH_PATHS = (
					"$(inherited)",
					"@executable_path/Frameworks",
				);
				PRODUCT_BUNDLE_IDENTIFIER = com.damiankolasinski.kammak;
				PRODUCT_NAME = "$(TARGET_NAME)";
				SWIFT_VERSION = 4.0;
				TARGETED_DEVICE_FAMILY = "1,2";
			};
			name = Release;
		};
		AE30F3B220990DE500FC0ACB /* Debug */ = {
			isa = XCBuildConfiguration;
			buildSettings = {
				CLANG_ENABLE_MODULES = YES;
				CODE_SIGN_IDENTITY = "";
				CODE_SIGN_STYLE = Automatic;
				CURRENT_PROJECT_VERSION = 1;
				DEFINES_MODULE = YES;
				DEVELOPMENT_TEAM = GX6ZJG76MC;
				DYLIB_COMPATIBILITY_VERSION = 1;
				DYLIB_CURRENT_VERSION = 1;
				DYLIB_INSTALL_NAME_BASE = "@rpath";
				INFOPLIST_FILE = kammakUI/Info.plist;
				INSTALL_PATH = "$(LOCAL_LIBRARY_DIR)/Frameworks";
				IPHONEOS_DEPLOYMENT_TARGET = 10.3;
				LD_RUNPATH_SEARCH_PATHS = (
					"$(inherited)",
					"@executable_path/Frameworks",
					"@loader_path/Frameworks",
				);
				PRODUCT_BUNDLE_IDENTIFIER = com.damiankolasinski.kammakUI;
				PRODUCT_NAME = "$(TARGET_NAME:c99extidentifier)";
				SKIP_INSTALL = YES;
				SWIFT_OPTIMIZATION_LEVEL = "-Onone";
				SWIFT_VERSION = 4.0;
				TARGETED_DEVICE_FAMILY = "1,2";
				VERSIONING_SYSTEM = "apple-generic";
				VERSION_INFO_PREFIX = "";
			};
			name = Debug;
		};
		AE30F3B320990DE500FC0ACB /* Release */ = {
			isa = XCBuildConfiguration;
			buildSettings = {
				CLANG_ENABLE_MODULES = YES;
				CODE_SIGN_IDENTITY = "";
				CODE_SIGN_STYLE = Automatic;
				CURRENT_PROJECT_VERSION = 1;
				DEFINES_MODULE = YES;
				DEVELOPMENT_TEAM = GX6ZJG76MC;
				DYLIB_COMPATIBILITY_VERSION = 1;
				DYLIB_CURRENT_VERSION = 1;
				DYLIB_INSTALL_NAME_BASE = "@rpath";
				INFOPLIST_FILE = kammakUI/Info.plist;
				INSTALL_PATH = "$(LOCAL_LIBRARY_DIR)/Frameworks";
				IPHONEOS_DEPLOYMENT_TARGET = 10.3;
				LD_RUNPATH_SEARCH_PATHS = (
					"$(inherited)",
					"@executable_path/Frameworks",
					"@loader_path/Frameworks",
				);
				PRODUCT_BUNDLE_IDENTIFIER = com.damiankolasinski.kammakUI;
				PRODUCT_NAME = "$(TARGET_NAME:c99extidentifier)";
				SKIP_INSTALL = YES;
				SWIFT_VERSION = 4.0;
				TARGETED_DEVICE_FAMILY = "1,2";
				VERSIONING_SYSTEM = "apple-generic";
				VERSION_INFO_PREFIX = "";
			};
			name = Release;
		};
/* End XCBuildConfiguration section */

/* Begin XCConfigurationList section */
		AE1888342096640600CE0A58 /* Build configuration list for PBXProject "kammak" */ = {
			isa = XCConfigurationList;
			buildConfigurations = (
				AE1888492096640A00CE0A58 /* Debug */,
				AE18884A2096640A00CE0A58 /* Release */,
			);
			defaultConfigurationIsVisible = 0;
			defaultConfigurationName = Release;
		};
		AE18884B2096640A00CE0A58 /* Build configuration list for PBXNativeTarget "kammak" */ = {
			isa = XCConfigurationList;
			buildConfigurations = (
				AE18884C2096640A00CE0A58 /* Debug */,
				AE18884D2096640A00CE0A58 /* Release */,
			);
			defaultConfigurationIsVisible = 0;
			defaultConfigurationName = Release;
		};
		AE30F3B120990DE500FC0ACB /* Build configuration list for PBXNativeTarget "kammakUI" */ = {
			isa = XCConfigurationList;
			buildConfigurations = (
				AE30F3B220990DE500FC0ACB /* Debug */,
				AE30F3B320990DE500FC0ACB /* Release */,
			);
			defaultConfigurationIsVisible = 0;
			defaultConfigurationName = Release;
		};
/* End XCConfigurationList section */
	};
	rootObject = AE1888312096640600CE0A58 /* Project object */;
}
